
Microsoft Visual Studio Solution File, Format Version 12.00
# Visual Studio Version 16
VisualStudioVersion = 16.0.29418.71
MinimumVisualStudioVersion = 10.0.40219.1
Project("{FAE04EC0-301F-11D3-BF4B-00C04F79EFBC}") = "APItestRestSharp", "APItestRestSharp\APItestRestSharp.csproj", "{0B3E8CD1-C438-4324-8677-42BFB562E783}"
EndProject
Global
	GlobalSection(SolutionConfigurationPlatforms) = preSolution
		Debug|Any CPU = Debug|Any CPU
		Release|Any CPU = Release|Any CPU
	EndGlobalSection
	GlobalSection(ProjectConfigurationPlatforms) = postSolution
		{0B3E8CD1-C438-4324-8677-42BFB562E783}.Debug|Any CPU.ActiveCfg = Debug|Any CPU
		{0B3E8CD1-C438-4324-8677-42BFB562E783}.Debug|Any CPU.Build.0 = Debug|Any CPU
		{0B3E8CD1-C438-4324-8677-42BFB562E783}.Release|Any CPU.ActiveCfg = Release|Any CPU
		{0B3E8CD1-C438-4324-8677-42BFB562E783}.Release|Any CPU.Build.0 = Release|Any CPU
	EndGlobalSection
	GlobalSection(SolutionProperties) = preSolution
		HideSolutionNode = FALSE
	EndGlobalSection
	GlobalSection(ExtensibilityGlobals) = postSolution
		SolutionGuid = {B758C5EC-D22D-48CA-AB1F-4DE24BDD45D4}
	EndGlobalSection
EndGlobal
